<?xml version="1.0" encoding="utf-8"?>
<Project ToolsVersion="4.0" xmlns="http://schemas.microsoft.com/developer/msbuild/2003">
  <ItemGroup>
    <Filter Include="DX9">
      <UniqueIdentifier>{f471d7d9-5b9c-4eb7-945b-a481d1cc9f7e}</UniqueIdentifier>
    </Filter>
    <Filter Include="Precompiled Headers">
      <UniqueIdentifier>{79a60a48-2e59-4113-82f3-277b80932e12}</UniqueIdentifier>
    </Filter>
  </ItemGroup>
  <ItemGroup>
    <Text Include="ReadMe.txt" />
  </ItemGroup>
  <ItemGroup>
    <ClInclude Include="DX9\RendererDX9.h">
      <Filter>DX9</Filter>
    </ClInclude>
    <ClInclude Include="stdafx.h">
      <Filter>Precompiled Headers</Filter>
    </ClInclude>
    <ClInclude Include="DX9\VertexFormatDX9.h">
      <Filter>DX9</Filter>
    </ClInclude>
    <ClInclude Include="DX9\MappingsDX9.h">
      <Filter>DX9</Filter>
    </ClInclude>
    <ClInclude Include="DX9\VertexBufferDX9.h">
      <Filter>DX9</Filter>
    </ClInclude>
    <ClInclude Include="Renderer.h" />
    <ClInclude Include="RenderData.h" />
    <ClInclude Include="VertexFormat.h" />
    <ClInclude Include="Buffer.h" />
    <ClInclude Include="VertexBuffer.h" />
    <ClInclude Include="IndexBuffer.h" />
    <ClInclude Include="IndexBufferDX9.h">
      <Filter>DX9</Filter>
    </ClInclude>
  </ItemGroup>
  <ItemGroup>
    <ClCompile Include="dllmain.cpp" />
    <ClCompile Include="DX9\RendererDX9.cpp">
      <Filter>DX9</Filter>
    </ClCompile>
    <ClCompile Include="stdafx.cpp">
      <Filter>Precompiled Headers</Filter>
    </ClCompile>
    <ClCompile Include="DX9\MappingsDX9.cpp">
      <Filter>DX9</Filter>
    </ClCompile>
    <ClCompile Include="DX9\VertexBufferDX9.cpp">
      <Filter>DX9</Filter>
    </ClCompile>
    <ClCompile Include="DX9\VertexFormatDX9.cpp">
      <Filter>DX9</Filter>
    </ClCompile>
    <ClCompile Include="Renderer.cpp" />
    <ClCompile Include="VertexFormat.cpp" />
    <ClCompile Include="Buffer.cpp" />
    <ClCompile Include="VertexBuffer.cpp" />
    <ClCompile Include="IndexBuffer.cpp" />
    <ClCompile Include="IndexBufferDX9.cpp">
      <Filter>DX9</Filter>
    </ClCompile>
  </ItemGroup>
  <ItemGroup>
    <None Include="LibRenderer.licenseheader" />
    <None Include="VertexBuffer.inl" />
  </ItemGroup>
</Project>