
Microsoft Visual Studio Solution File, Format Version 12.00
# Visual Studio 2013
VisualStudioVersion = 12.0.30723.0
MinimumVisualStudioVersion = 10.0.40219.1
Project("{8BC9CEB8-8B4A-11D0-8D11-00A0C91BC942}") = "ShaderEditor", "ShaderEditor\ShaderEditor.vcxproj", "{3A977398-D782-4A8F-9D3C-9D170D77A6B5}"
	ProjectSection(ProjectDependencies) = postProject
		{42B90F7F-E5D8-4B7F-BE74-CAC4DA86C76F} = {42B90F7F-E5D8-4B7F-BE74-CAC4DA86C76F}
	EndProjectSection
EndProject
Project("{2150E333-8FDC-42A3-9474-1A3956D46DE8}") = "Libraries", "Libraries", "{8C65301B-C49F-47DA-95A2-1F9BA19E266D}"
EndProject
Project("{2150E333-8FDC-42A3-9474-1A3956D46DE8}") = "AppMain", "AppMain", "{2070BC5D-BEC1-41C0-8484-7E84C7900F47}"
EndProject
Project("{8BC9CEB8-8B4A-11D0-8D11-00A0C91BC942}") = "LibRenderer", "LibRenderer\LibRenderer.vcxproj", "{42B90F7F-E5D8-4B7F-BE74-CAC4DA86C76F}"
EndProject
Project("{8BC9CEB8-8B4A-11D0-8D11-00A0C91BC942}") = "LibMath", "LibMath\LibMath.vcxproj", "{997FC731-07F0-4D8A-872B-0190380645A0}"
EndProject
Global
	GlobalSection(SolutionConfigurationPlatforms) = preSolution
		Debug|Win32 = Debug|Win32
		Debug|x64 = Debug|x64
		Release|Win32 = Release|Win32
		Release|x64 = Release|x64
	EndGlobalSection
	GlobalSection(ProjectConfigurationPlatforms) = postSolution
		{3A977398-D782-4A8F-9D3C-9D170D77A6B5}.Debug|Win32.ActiveCfg = Debug|Win32
		{3A977398-D782-4A8F-9D3C-9D170D77A6B5}.Debug|Win32.Build.0 = Debug|Win32
		{3A977398-D782-4A8F-9D3C-9D170D77A6B5}.Debug|x64.ActiveCfg = Debug|x64
		{3A977398-D782-4A8F-9D3C-9D170D77A6B5}.Debug|x64.Build.0 = Debug|x64
		{3A977398-D782-4A8F-9D3C-9D170D77A6B5}.Release|Win32.ActiveCfg = Release|Win32
		{3A977398-D782-4A8F-9D3C-9D170D77A6B5}.Release|Win32.Build.0 = Release|Win32
		{3A977398-D782-4A8F-9D3C-9D170D77A6B5}.Release|x64.ActiveCfg = Release|x64
		{3A977398-D782-4A8F-9D3C-9D170D77A6B5}.Release|x64.Build.0 = Release|x64
		{3A977398-D782-4A8F-9D3C-9D170D77A6B5}.Release|x64.Deploy.0 = Release|x64
		{42B90F7F-E5D8-4B7F-BE74-CAC4DA86C76F}.Debug|Win32.ActiveCfg = Debug|Win32
		{42B90F7F-E5D8-4B7F-BE74-CAC4DA86C76F}.Debug|Win32.Build.0 = Debug|Win32
		{42B90F7F-E5D8-4B7F-BE74-CAC4DA86C76F}.Debug|x64.ActiveCfg = Debug|x64
		{42B90F7F-E5D8-4B7F-BE74-CAC4DA86C76F}.Debug|x64.Build.0 = Debug|x64
		{42B90F7F-E5D8-4B7F-BE74-CAC4DA86C76F}.Release|Win32.ActiveCfg = Release|Win32
		{42B90F7F-E5D8-4B7F-BE74-CAC4DA86C76F}.Release|Win32.Build.0 = Release|Win32
		{42B90F7F-E5D8-4B7F-BE74-CAC4DA86C76F}.Release|x64.ActiveCfg = Release|x64
		{42B90F7F-E5D8-4B7F-BE74-CAC4DA86C76F}.Release|x64.Build.0 = Release|x64
		{997FC731-07F0-4D8A-872B-0190380645A0}.Debug|Win32.ActiveCfg = Debug|Win32
		{997FC731-07F0-4D8A-872B-0190380645A0}.Debug|Win32.Build.0 = Debug|Win32
		{997FC731-07F0-4D8A-872B-0190380645A0}.Debug|x64.ActiveCfg = Debug|x64
		{997FC731-07F0-4D8A-872B-0190380645A0}.Debug|x64.Build.0 = Debug|x64
		{997FC731-07F0-4D8A-872B-0190380645A0}.Release|Win32.ActiveCfg = Release|Win32
		{997FC731-07F0-4D8A-872B-0190380645A0}.Release|Win32.Build.0 = Release|Win32
		{997FC731-07F0-4D8A-872B-0190380645A0}.Release|x64.ActiveCfg = Release|x64
		{997FC731-07F0-4D8A-872B-0190380645A0}.Release|x64.Build.0 = Release|x64
	EndGlobalSection
	GlobalSection(SolutionProperties) = preSolution
		HideSolutionNode = FALSE
	EndGlobalSection
	GlobalSection(NestedProjects) = preSolution
		{3A977398-D782-4A8F-9D3C-9D170D77A6B5} = {2070BC5D-BEC1-41C0-8484-7E84C7900F47}
		{42B90F7F-E5D8-4B7F-BE74-CAC4DA86C76F} = {8C65301B-C49F-47DA-95A2-1F9BA19E266D}
		{997FC731-07F0-4D8A-872B-0190380645A0} = {8C65301B-C49F-47DA-95A2-1F9BA19E266D}
	EndGlobalSection
EndGlobal
