<?xml version="1.0" encoding="utf-8"?>
<Project ToolsVersion="4.0" xmlns="http://schemas.microsoft.com/developer/msbuild/2003">
  <ItemGroup>
    <Filter Include="DX9">
      <UniqueIdentifier>{f471d7d9-5b9c-4eb7-945b-a481d1cc9f7e}</UniqueIdentifier>
    </Filter>
    <Filter Include="Precompiled Headers">
      <UniqueIdentifier>{79a60a48-2e59-4113-82f3-277b80932e12}</UniqueIdentifier>
    </Filter>
    <Filter Include="SDK">
      <UniqueIdentifier>{739a8db1-d9b1-4385-9aff-b3f33a049f2c}</UniqueIdentifier>
    </Filter>
    <Filter Include="SDK\DX9">
      <UniqueIdentifier>{9ac381ef-b408-4115-96c3-e6f42f9e81f1}</UniqueIdentifier>
    </Filter>
    <Filter Include="SDK\DX9\Include">
      <UniqueIdentifier>{1f44b508-2285-4781-a140-124efc709298}</UniqueIdentifier>
    </Filter>
    <Filter Include="SDK\DX9\Lib">
      <UniqueIdentifier>{52a11e51-d079-4de2-88fa-f8b686fe4657}</UniqueIdentifier>
    </Filter>
    <Filter Include="SDK\DX9\Lib\x86">
      <UniqueIdentifier>{2cbc280c-766e-4e71-ac28-7d531638edea}</UniqueIdentifier>
    </Filter>
    <Filter Include="SDK\DX9\Lib\x64">
      <UniqueIdentifier>{99ca2b10-8aa9-4a4d-a505-44db1dd94344}</UniqueIdentifier>
    </Filter>
    <Filter Include="Common">
      <UniqueIdentifier>{9cb18e15-1cfa-4fb7-a3e8-7562102017bb}</UniqueIdentifier>
    </Filter>
  </ItemGroup>
  <ItemGroup>
    <Text Include="ReadMe.txt" />
  </ItemGroup>
  <ItemGroup>
    <ClInclude Include="DX9\RendererDX9.h">
      <Filter>DX9</Filter>
    </ClInclude>
    <ClInclude Include="stdafx.h">
      <Filter>Precompiled Headers</Filter>
    </ClInclude>
    <ClInclude Include="DX9\VertexFormatDX9.h">
      <Filter>DX9</Filter>
    </ClInclude>
    <ClInclude Include="DX9\MappingsDX9.h">
      <Filter>DX9</Filter>
    </ClInclude>
    <ClInclude Include="DX9\VertexBufferDX9.h">
      <Filter>DX9</Filter>
    </ClInclude>
    <ClInclude Include="SDK\DX9\Include\d3d9.h">
      <Filter>SDK\DX9\Include</Filter>
    </ClInclude>
    <ClInclude Include="SDK\DX9\Include\d3dx9.h">
      <Filter>SDK\DX9\Include</Filter>
    </ClInclude>
    <ClInclude Include="SDK\DX9\Include\d3dx9anim.h">
      <Filter>SDK\DX9\Include</Filter>
    </ClInclude>
    <ClInclude Include="SDK\DX9\Include\d3dx9core.h">
      <Filter>SDK\DX9\Include</Filter>
    </ClInclude>
    <ClInclude Include="SDK\DX9\Include\d3dx9effect.h">
      <Filter>SDK\DX9\Include</Filter>
    </ClInclude>
    <ClInclude Include="SDK\DX9\Include\d3dx9math.h">
      <Filter>SDK\DX9\Include</Filter>
    </ClInclude>
    <ClInclude Include="SDK\DX9\Include\d3dx9mesh.h">
      <Filter>SDK\DX9\Include</Filter>
    </ClInclude>
    <ClInclude Include="SDK\DX9\Include\d3dx9shader.h">
      <Filter>SDK\DX9\Include</Filter>
    </ClInclude>
    <ClInclude Include="SDK\DX9\Include\d3dx9shape.h">
      <Filter>SDK\DX9\Include</Filter>
    </ClInclude>
    <ClInclude Include="SDK\DX9\Include\d3dx9tex.h">
      <Filter>SDK\DX9\Include</Filter>
    </ClInclude>
    <ClInclude Include="SDK\DX9\Include\d3dx9xof.h">
      <Filter>SDK\DX9\Include</Filter>
    </ClInclude>
    <ClInclude Include="DX9\IndexBufferDX9.h">
      <Filter>DX9</Filter>
    </ClInclude>
    <ClInclude Include="Common\Buffer.h">
      <Filter>Common</Filter>
    </ClInclude>
    <ClInclude Include="Common\IndexBuffer.h">
      <Filter>Common</Filter>
    </ClInclude>
    <ClInclude Include="Common\RenderData.h">
      <Filter>Common</Filter>
    </ClInclude>
    <ClInclude Include="Common\Renderer.h">
      <Filter>Common</Filter>
    </ClInclude>
    <ClInclude Include="Common\VertexBuffer.h">
      <Filter>Common</Filter>
    </ClInclude>
    <ClInclude Include="Common\VertexFormat.h">
      <Filter>Common</Filter>
    </ClInclude>
  </ItemGroup>
  <ItemGroup>
    <ClCompile Include="dllmain.cpp" />
    <ClCompile Include="DX9\RendererDX9.cpp">
      <Filter>DX9</Filter>
    </ClCompile>
    <ClCompile Include="stdafx.cpp">
      <Filter>Precompiled Headers</Filter>
    </ClCompile>
    <ClCompile Include="DX9\MappingsDX9.cpp">
      <Filter>DX9</Filter>
    </ClCompile>
    <ClCompile Include="DX9\VertexBufferDX9.cpp">
      <Filter>DX9</Filter>
    </ClCompile>
    <ClCompile Include="DX9\VertexFormatDX9.cpp">
      <Filter>DX9</Filter>
    </ClCompile>
    <ClCompile Include="DX9\IndexBufferDX9.cpp">
      <Filter>DX9</Filter>
    </ClCompile>
    <ClCompile Include="Common\Buffer.cpp">
      <Filter>Common</Filter>
    </ClCompile>
    <ClCompile Include="Common\IndexBuffer.cpp">
      <Filter>Common</Filter>
    </ClCompile>
    <ClCompile Include="Common\Renderer.cpp">
      <Filter>Common</Filter>
    </ClCompile>
    <ClCompile Include="Common\VertexBuffer.cpp">
      <Filter>Common</Filter>
    </ClCompile>
    <ClCompile Include="Common\VertexFormat.cpp">
      <Filter>Common</Filter>
    </ClCompile>
  </ItemGroup>
  <ItemGroup>
    <None Include="LibRenderer.licenseheader" />
    <None Include="SDK\DX9\Include\d3dx9math.inl">
      <Filter>SDK\DX9\Include</Filter>
    </None>
    <None Include="Common\VertexBuffer.inl">
      <Filter>Common</Filter>
    </None>
  </ItemGroup>
  <ItemGroup>
    <Library Include="SDK\DX9\Lib\x86\d3d9.lib">
      <Filter>SDK\DX9\Lib\x86</Filter>
    </Library>
    <Library Include="SDK\DX9\Lib\x64\d3d9.lib">
      <Filter>SDK\DX9\Lib\x64</Filter>
    </Library>
    <Library Include="SDK\DX9\Lib\x86\d3dx9.lib">
      <Filter>SDK\DX9\Lib\x86</Filter>
    </Library>
    <Library Include="SDK\DX9\Lib\x64\d3dx9.lib">
      <Filter>SDK\DX9\Lib\x64</Filter>
    </Library>
    <Library Include="SDK\DX9\Lib\x86\DxErr.lib">
      <Filter>SDK\DX9\Lib\x86</Filter>
    </Library>
    <Library Include="SDK\DX9\Lib\x64\DxErr.lib">
      <Filter>SDK\DX9\Lib\x64</Filter>
    </Library>
  </ItemGroup>
</Project>